
Microsoft Visual Studio Solution File, Format Version 12.00
# Visual Studio Version 17
VisualStudioVersion = 17.4.33122.133
MinimumVisualStudioVersion = 10.0.40219.1
Project("{FAE04EC0-301F-11D3-BF4B-00C04F79EFBC}") = "SistemaDeTarefas", "SistemaDeTarefas\SistemaDeTarefas.csproj", "{2145946B-4F8B-432D-93F2-4CD88AEF98BE}"
EndProject
Global
	GlobalSection(SolutionConfigurationPlatforms) = preSolution
		Debug|Any CPU = Debug|Any CPU
		Release|Any CPU = Release|Any CPU
	EndGlobalSection
	GlobalSection(ProjectConfigurationPlatforms) = postSolution
		{2145946B-4F8B-432D-93F2-4CD88AEF98BE}.Debug|Any CPU.ActiveCfg = Debug|Any CPU
		{2145946B-4F8B-432D-93F2-4CD88AEF98BE}.Debug|Any CPU.Build.0 = Debug|Any CPU
		{2145946B-4F8B-432D-93F2-4CD88AEF98BE}.Release|Any CPU.ActiveCfg = Release|Any CPU
		{2145946B-4F8B-432D-93F2-4CD88AEF98BE}.Release|Any CPU.Build.0 = Release|Any CPU
	EndGlobalSection
	GlobalSection(SolutionProperties) = preSolution
		HideSolutionNode = FALSE
	EndGlobalSection
	GlobalSection(ExtensibilityGlobals) = postSolution
		SolutionGuid = {8D3B64F7-98A6-4477-994D-056A2B4AB1E1}
	EndGlobalSection
EndGlobal
